{
  "originHash" : "409d5a02e1cd8a05b15e15e4bd33ae09cbdbd58e8a7a3d5b9a6017f8663a0047",
  "pins" : [
    {
      "identity" : "alamofire",
      "kind" : "remoteSourceControl",
      "location" : "https://github.com/Alamofire/Alamofire.git",
      "state" : {
        "revision" : "f455c2975872ccd2d9c81594c658af65716e9b9a",
        "version" : "5.9.1"
      }
    },
    {
      "identity" : "samplereusablecore",
      "kind" : "remoteSourceControl",
      "location" : "https://github.com/volodymyr-chekyrta/SampleReusableCore.git",
      "state" : {
        "revision" : "27a4bd9e22c7bed4b333553ae1cd3583a52cbbcf",
        "version" : "1.0.0"
      }
    }
  ],
  "version" : 3
}
